
Microsoft Visual Studio Solution File, Format Version 12.00
# Visual Studio Version 16
VisualStudioVersion = 16.0.30621.155
MinimumVisualStudioVersion = 10.0.40219.1
Project("{FAE04EC0-301F-11D3-BF4B-00C04F79EFBC}") = "TPA-Desktop_CC", "TPA-Desktop_CC\TPA-Desktop_CC.csproj", "{830715CC-6549-4D3F-BFB5-F60E73961132}"
EndProject
Global
	GlobalSection(SolutionConfigurationPlatforms) = preSolution
		Debug|Any CPU = Debug|Any CPU
		Release|Any CPU = Release|Any CPU
	EndGlobalSection
	GlobalSection(ProjectConfigurationPlatforms) = postSolution
		{830715CC-6549-4D3F-BFB5-F60E73961132}.Debug|Any CPU.ActiveCfg = Debug|Any CPU
		{830715CC-6549-4D3F-BFB5-F60E73961132}.Debug|Any CPU.Build.0 = Debug|Any CPU
		{830715CC-6549-4D3F-BFB5-F60E73961132}.Release|Any CPU.ActiveCfg = Release|Any CPU
		{830715CC-6549-4D3F-BFB5-F60E73961132}.Release|Any CPU.Build.0 = Release|Any CPU
	EndGlobalSection
	GlobalSection(SolutionProperties) = preSolution
		HideSolutionNode = FALSE
	EndGlobalSection
	GlobalSection(ExtensibilityGlobals) = postSolution
		SolutionGuid = {C1E59947-8DAF-41E3-9383-E9B1AF02C3AC}
	EndGlobalSection
EndGlobal
